
Microsoft Visual Studio Solution File, Format Version 12.00
# Visual Studio Version 16
VisualStudioVersion = 16.0.30503.244
MinimumVisualStudioVersion = 10.0.40219.1
Project("{9A19103F-16F7-4668-BE54-9A1E7A4F7556}") = "1", "1\1.csproj", "{9D24EE3D-AA35-44F1-84A4-9D2B050D96F1}"
EndProject
Project("{9A19103F-16F7-4668-BE54-9A1E7A4F7556}") = "2", "2\2.csproj", "{9286C132-6537-4C9D-962E-E5D7041E1F45}"
EndProject
Project("{9A19103F-16F7-4668-BE54-9A1E7A4F7556}") = "3", "3\3.csproj", "{C340F658-49AD-410F-A03A-66DF4D6AC5BE}"
EndProject
Project("{9A19103F-16F7-4668-BE54-9A1E7A4F7556}") = "4", "4\4.csproj", "{30D02128-C338-4ED6-9B19-0A2266464D7B}"
EndProject
Project("{FAE04EC0-301F-11D3-BF4B-00C04F79EFBC}") = "5", "5.2\5.csproj", "{F5DB8B3E-166D-433B-B0A7-9B28A1709C72}"
EndProject
Project("{FAE04EC0-301F-11D3-BF4B-00C04F79EFBC}") = "_4.4", "_4.4\_4.4.csproj", "{4A2C760A-04F2-4660-845E-93885273665B}"
EndProject
Global
	GlobalSection(SolutionConfigurationPlatforms) = preSolution
		Debug|Any CPU = Debug|Any CPU
		Release|Any CPU = Release|Any CPU
	EndGlobalSection
	GlobalSection(ProjectConfigurationPlatforms) = postSolution
		{9D24EE3D-AA35-44F1-84A4-9D2B050D96F1}.Debug|Any CPU.ActiveCfg = Debug|Any CPU
		{9D24EE3D-AA35-44F1-84A4-9D2B050D96F1}.Debug|Any CPU.Build.0 = Debug|Any CPU
		{9D24EE3D-AA35-44F1-84A4-9D2B050D96F1}.Release|Any CPU.ActiveCfg = Release|Any CPU
		{9D24EE3D-AA35-44F1-84A4-9D2B050D96F1}.Release|Any CPU.Build.0 = Release|Any CPU
		{9286C132-6537-4C9D-962E-E5D7041E1F45}.Debug|Any CPU.ActiveCfg = Debug|Any CPU
		{9286C132-6537-4C9D-962E-E5D7041E1F45}.Debug|Any CPU.Build.0 = Debug|Any CPU
		{9286C132-6537-4C9D-962E-E5D7041E1F45}.Release|Any CPU.ActiveCfg = Release|Any CPU
		{9286C132-6537-4C9D-962E-E5D7041E1F45}.Release|Any CPU.Build.0 = Release|Any CPU
		{C340F658-49AD-410F-A03A-66DF4D6AC5BE}.Debug|Any CPU.ActiveCfg = Debug|Any CPU
		{C340F658-49AD-410F-A03A-66DF4D6AC5BE}.Debug|Any CPU.Build.0 = Debug|Any CPU
		{C340F658-49AD-410F-A03A-66DF4D6AC5BE}.Release|Any CPU.ActiveCfg = Release|Any CPU
		{C340F658-49AD-410F-A03A-66DF4D6AC5BE}.Release|Any CPU.Build.0 = Release|Any CPU
		{30D02128-C338-4ED6-9B19-0A2266464D7B}.Debug|Any CPU.ActiveCfg = Debug|Any CPU
		{30D02128-C338-4ED6-9B19-0A2266464D7B}.Debug|Any CPU.Build.0 = Debug|Any CPU
		{30D02128-C338-4ED6-9B19-0A2266464D7B}.Release|Any CPU.ActiveCfg = Release|Any CPU
		{30D02128-C338-4ED6-9B19-0A2266464D7B}.Release|Any CPU.Build.0 = Release|Any CPU
		{F5DB8B3E-166D-433B-B0A7-9B28A1709C72}.Debug|Any CPU.ActiveCfg = Debug|Any CPU
		{F5DB8B3E-166D-433B-B0A7-9B28A1709C72}.Debug|Any CPU.Build.0 = Debug|Any CPU
		{F5DB8B3E-166D-433B-B0A7-9B28A1709C72}.Release|Any CPU.ActiveCfg = Release|Any CPU
		{F5DB8B3E-166D-433B-B0A7-9B28A1709C72}.Release|Any CPU.Build.0 = Release|Any CPU
		{4A2C760A-04F2-4660-845E-93885273665B}.Debug|Any CPU.ActiveCfg = Debug|Any CPU
		{4A2C760A-04F2-4660-845E-93885273665B}.Debug|Any CPU.Build.0 = Debug|Any CPU
		{4A2C760A-04F2-4660-845E-93885273665B}.Release|Any CPU.ActiveCfg = Release|Any CPU
		{4A2C760A-04F2-4660-845E-93885273665B}.Release|Any CPU.Build.0 = Release|Any CPU
	EndGlobalSection
	GlobalSection(SolutionProperties) = preSolution
		HideSolutionNode = FALSE
	EndGlobalSection
	GlobalSection(ExtensibilityGlobals) = postSolution
		SolutionGuid = {51A29010-6231-4252-ABCF-BEE9D95BDCFB}
	EndGlobalSection
EndGlobal
